
Microsoft Visual Studio Solution File, Format Version 12.00
# Visual Studio Version 16
VisualStudioVersion = 16.0.31025.194
MinimumVisualStudioVersion = 10.0.40219.1
Project("{FAE04EC0-301F-11D3-BF4B-00C04F79EFBC}") = "LuxoftInterview", "LuxoftInterview\LuxoftInterview.csproj", "{9E7134B1-FA61-4F3E-807E-B1572E89AA3A}"
EndProject
Global
	GlobalSection(SolutionConfigurationPlatforms) = preSolution
		Debug|Any CPU = Debug|Any CPU
		Release|Any CPU = Release|Any CPU
	EndGlobalSection
	GlobalSection(ProjectConfigurationPlatforms) = postSolution
		{9E7134B1-FA61-4F3E-807E-B1572E89AA3A}.Debug|Any CPU.ActiveCfg = Debug|Any CPU
		{9E7134B1-FA61-4F3E-807E-B1572E89AA3A}.Debug|Any CPU.Build.0 = Debug|Any CPU
		{9E7134B1-FA61-4F3E-807E-B1572E89AA3A}.Release|Any CPU.ActiveCfg = Release|Any CPU
		{9E7134B1-FA61-4F3E-807E-B1572E89AA3A}.Release|Any CPU.Build.0 = Release|Any CPU
	EndGlobalSection
	GlobalSection(SolutionProperties) = preSolution
		HideSolutionNode = FALSE
	EndGlobalSection
	GlobalSection(ExtensibilityGlobals) = postSolution
		SolutionGuid = {B20923F4-84AA-4B5E-9DA7-A517996895F5}
	EndGlobalSection
EndGlobal
